
Microsoft Visual Studio Solution File, Format Version 12.00
# Visual Studio Version 17
VisualStudioVersion = 17.9.34728.123
MinimumVisualStudioVersion = 10.0.40219.1
Project("{FAE04EC0-301F-11D3-BF4B-00C04F79EFBC}") = "PPToDoList", "PPToDoList\PPToDoList.csproj", "{9D1816D6-21BE-4CEA-AF93-609B82926F58}"
EndProject
Global
	GlobalSection(SolutionConfigurationPlatforms) = preSolution
		Debug|Any CPU = Debug|Any CPU
		Release|Any CPU = Release|Any CPU
	EndGlobalSection
	GlobalSection(ProjectConfigurationPlatforms) = postSolution
		{9D1816D6-21BE-4CEA-AF93-609B82926F58}.Debug|Any CPU.ActiveCfg = Debug|Any CPU
		{9D1816D6-21BE-4CEA-AF93-609B82926F58}.Debug|Any CPU.Build.0 = Debug|Any CPU
		{9D1816D6-21BE-4CEA-AF93-609B82926F58}.Release|Any CPU.ActiveCfg = Release|Any CPU
		{9D1816D6-21BE-4CEA-AF93-609B82926F58}.Release|Any CPU.Build.0 = Release|Any CPU
	EndGlobalSection
	GlobalSection(SolutionProperties) = preSolution
		HideSolutionNode = FALSE
	EndGlobalSection
	GlobalSection(ExtensibilityGlobals) = postSolution
		SolutionGuid = {522F8356-B9B8-482D-8C66-F3B17ACE47F4}
	EndGlobalSection
EndGlobal
